
Microsoft Visual Studio Solution File, Format Version 12.00
# Visual Studio Version 16
VisualStudioVersion = 16.0.30711.63
MinimumVisualStudioVersion = 15.0.26124.0
Project("{9A19103F-16F7-4668-BE54-9A1E7A4F7556}") = "SimpleImageIO", "SimpleImageIO\SimpleImageIO.csproj", "{659ABABD-18EB-4D13-A71E-AB8F019B705C}"
EndProject
Project("{9A19103F-16F7-4668-BE54-9A1E7A4F7556}") = "SimpleImageIO.Tests", "SimpleImageIO.Tests\SimpleImageIO.Tests.csproj", "{2969A392-634E-4EF4-847B-0F3A88E791D2}"
EndProject
Project("{FAE04EC0-301F-11D3-BF4B-00C04F79EFBC}") = "SimpleImageIO.Benchmark", "SimpleImageIO.Benchmark\SimpleImageIO.Benchmark.csproj", "{F58938A1-1695-4D7A-858C-A163F6E33FEA}"
EndProject
Project("{FAE04EC0-301F-11D3-BF4B-00C04F79EFBC}") = "SimpleImageIO.Integration", "SimpleImageIO.Integration\SimpleImageIO.Integration.csproj", "{B355E580-F543-4B98-AF2F-A818DC836F2C}"
EndProject
Global
	GlobalSection(SolutionConfigurationPlatforms) = preSolution
		Debug|Any CPU = Debug|Any CPU
		Debug|x64 = Debug|x64
		Debug|x86 = Debug|x86
		Release|Any CPU = Release|Any CPU
		Release|x64 = Release|x64
		Release|x86 = Release|x86
	EndGlobalSection
	GlobalSection(ProjectConfigurationPlatforms) = postSolution
		{659ABABD-18EB-4D13-A71E-AB8F019B705C}.Debug|Any CPU.ActiveCfg = Debug|Any CPU
		{659ABABD-18EB-4D13-A71E-AB8F019B705C}.Debug|Any CPU.Build.0 = Debug|Any CPU
		{659ABABD-18EB-4D13-A71E-AB8F019B705C}.Debug|x64.ActiveCfg = Debug|Any CPU
		{659ABABD-18EB-4D13-A71E-AB8F019B705C}.Debug|x64.Build.0 = Debug|Any CPU
		{659ABABD-18EB-4D13-A71E-AB8F019B705C}.Debug|x86.ActiveCfg = Debug|Any CPU
		{659ABABD-18EB-4D13-A71E-AB8F019B705C}.Debug|x86.Build.0 = Debug|Any CPU
		{659ABABD-18EB-4D13-A71E-AB8F019B705C}.Release|Any CPU.ActiveCfg = Release|Any CPU
		{659ABABD-18EB-4D13-A71E-AB8F019B705C}.Release|Any CPU.Build.0 = Release|Any CPU
		{659ABABD-18EB-4D13-A71E-AB8F019B705C}.Release|x64.ActiveCfg = Release|Any CPU
		{659ABABD-18EB-4D13-A71E-AB8F019B705C}.Release|x64.Build.0 = Release|Any CPU
		{659ABABD-18EB-4D13-A71E-AB8F019B705C}.Release|x86.ActiveCfg = Release|Any CPU
		{659ABABD-18EB-4D13-A71E-AB8F019B705C}.Release|x86.Build.0 = Release|Any CPU
		{2969A392-634E-4EF4-847B-0F3A88E791D2}.Debug|Any CPU.ActiveCfg = Debug|Any CPU
		{2969A392-634E-4EF4-847B-0F3A88E791D2}.Debug|Any CPU.Build.0 = Debug|Any CPU
		{2969A392-634E-4EF4-847B-0F3A88E791D2}.Debug|x64.ActiveCfg = Debug|Any CPU
		{2969A392-634E-4EF4-847B-0F3A88E791D2}.Debug|x64.Build.0 = Debug|Any CPU
		{2969A392-634E-4EF4-847B-0F3A88E791D2}.Debug|x86.ActiveCfg = Debug|Any CPU
		{2969A392-634E-4EF4-847B-0F3A88E791D2}.Debug|x86.Build.0 = Debug|Any CPU
		{2969A392-634E-4EF4-847B-0F3A88E791D2}.Release|Any CPU.ActiveCfg = Release|Any CPU
		{2969A392-634E-4EF4-847B-0F3A88E791D2}.Release|Any CPU.Build.0 = Release|Any CPU
		{2969A392-634E-4EF4-847B-0F3A88E791D2}.Release|x64.ActiveCfg = Release|Any CPU
		{2969A392-634E-4EF4-847B-0F3A88E791D2}.Release|x64.Build.0 = Release|Any CPU
		{2969A392-634E-4EF4-847B-0F3A88E791D2}.Release|x86.ActiveCfg = Release|Any CPU
		{2969A392-634E-4EF4-847B-0F3A88E791D2}.Release|x86.Build.0 = Release|Any CPU
		{F58938A1-1695-4D7A-858C-A163F6E33FEA}.Debug|Any CPU.ActiveCfg = Debug|Any CPU
		{F58938A1-1695-4D7A-858C-A163F6E33FEA}.Debug|Any CPU.Build.0 = Debug|Any CPU
		{F58938A1-1695-4D7A-858C-A163F6E33FEA}.Debug|x64.ActiveCfg = Debug|Any CPU
		{F58938A1-1695-4D7A-858C-A163F6E33FEA}.Debug|x64.Build.0 = Debug|Any CPU
		{F58938A1-1695-4D7A-858C-A163F6E33FEA}.Debug|x86.ActiveCfg = Debug|Any CPU
		{F58938A1-1695-4D7A-858C-A163F6E33FEA}.Debug|x86.Build.0 = Debug|Any CPU
		{F58938A1-1695-4D7A-858C-A163F6E33FEA}.Release|Any CPU.ActiveCfg = Release|Any CPU
		{F58938A1-1695-4D7A-858C-A163F6E33FEA}.Release|Any CPU.Build.0 = Release|Any CPU
		{F58938A1-1695-4D7A-858C-A163F6E33FEA}.Release|x64.ActiveCfg = Release|Any CPU
		{F58938A1-1695-4D7A-858C-A163F6E33FEA}.Release|x64.Build.0 = Release|Any CPU
		{F58938A1-1695-4D7A-858C-A163F6E33FEA}.Release|x86.ActiveCfg = Release|Any CPU
		{F58938A1-1695-4D7A-858C-A163F6E33FEA}.Release|x86.Build.0 = Release|Any CPU
		{B355E580-F543-4B98-AF2F-A818DC836F2C}.Debug|Any CPU.ActiveCfg = Debug|Any CPU
		{B355E580-F543-4B98-AF2F-A818DC836F2C}.Debug|Any CPU.Build.0 = Debug|Any CPU
		{B355E580-F543-4B98-AF2F-A818DC836F2C}.Debug|x64.ActiveCfg = Debug|Any CPU
		{B355E580-F543-4B98-AF2F-A818DC836F2C}.Debug|x64.Build.0 = Debug|Any CPU
		{B355E580-F543-4B98-AF2F-A818DC836F2C}.Debug|x86.ActiveCfg = Debug|Any CPU
		{B355E580-F543-4B98-AF2F-A818DC836F2C}.Debug|x86.Build.0 = Debug|Any CPU
		{B355E580-F543-4B98-AF2F-A818DC836F2C}.Release|Any CPU.ActiveCfg = Release|Any CPU
		{B355E580-F543-4B98-AF2F-A818DC836F2C}.Release|Any CPU.Build.0 = Release|Any CPU
		{B355E580-F543-4B98-AF2F-A818DC836F2C}.Release|x64.ActiveCfg = Release|Any CPU
		{B355E580-F543-4B98-AF2F-A818DC836F2C}.Release|x64.Build.0 = Release|Any CPU
		{B355E580-F543-4B98-AF2F-A818DC836F2C}.Release|x86.ActiveCfg = Release|Any CPU
		{B355E580-F543-4B98-AF2F-A818DC836F2C}.Release|x86.Build.0 = Release|Any CPU
	EndGlobalSection
	GlobalSection(SolutionProperties) = preSolution
		HideSolutionNode = FALSE
	EndGlobalSection
	GlobalSection(ExtensibilityGlobals) = postSolution
		SolutionGuid = {B7C4443C-59BF-4E6C-9A8A-2E32214127C9}
	EndGlobalSection
EndGlobal
